lockfileVersion: '6.0'

settings:
  autoInstallPeers: true
  excludeLinksFromLockfile: false

importers:

  .:
    devDependencies:
      turbo:
        specifier: ^1.11.3
        version: 1.11.3

  apps/api:
    dependencies:
      graphql:
        specifier: ^16.8.1
        version: 16.8.1
      graphql-scalars:
        specifier: ^1.22.4
        version: 1.22.4(graphql@16.8.1)
      graphql-yoga:
        specifier: ^5.1.1
        version: 5.1.1(graphql@16.8.1)
      type-graphql:
        specifier: ^2.0.0-beta.6
        version: 2.0.0-beta.6(graphql-scalars@1.22.4)(graphql@16.8.1)

packages:

  /@envelop/core@5.0.0:
    resolution: {integrity: sha512-aJdnH/ptv+cvwfvciCBe7TSvccBwo9g0S5f6u35TBVzRVqIGkK03lFlIL+x1cnfZgN9EfR2b1PH2galrT1CdCQ==}
    engines: {node: '>=18.0.0'}
    dependencies:
      '@envelop/types': 5.0.0
      tslib: 2.6.2
    dev: false

  /@envelop/types@5.0.0:
    resolution: {integrity: sha512-IPjmgSc4KpQRlO4qbEDnBEixvtb06WDmjKfi/7fkZaryh5HuOmTtixe1EupQI5XfXO8joc3d27uUZ0QdC++euA==}
    engines: {node: '>=18.0.0'}
    dependencies:
      tslib: 2.6.2
    dev: false

  /@graphql-tools/executor@1.2.0(graphql@16.8.1):
    resolution: {integrity: sha512-SKlIcMA71Dha5JnEWlw4XxcaJ+YupuXg0QCZgl2TOLFz4SkGCwU/geAsJvUJFwK2RbVLpQv/UMq67lOaBuwDtg==}
    engines: {node: '>=16.0.0'}
    peerDependencies:
      graphql: ^14.0.0 || ^15.0.0 || ^16.0.0 || ^17.0.0
    dependencies:
      '@graphql-tools/utils': 10.0.13(graphql@16.8.1)
      '@graphql-typed-document-node/core': 3.2.0(graphql@16.8.1)
      '@repeaterjs/repeater': 3.0.5
      graphql: 16.8.1
      tslib: 2.6.2
      value-or-promise: 1.0.12
    dev: false

  /@graphql-tools/merge@9.0.1(graphql@16.8.1):
    resolution: {integrity: sha512-hIEExWO9fjA6vzsVjJ3s0cCQ+Q/BEeMVJZtMXd7nbaVefVy0YDyYlEkeoYYNV3NVVvu1G9lr6DM1Qd0DGo9Caw==}
    engines: {node: '>=16.0.0'}
    peerDependencies:
      graphql: ^14.0.0 || ^15.0.0 || ^16.0.0 || ^17.0.0
    dependencies:
      '@graphql-tools/utils': 10.0.13(graphql@16.8.1)
      graphql: 16.8.1
      tslib: 2.6.2
    dev: false

  /@graphql-tools/schema@10.0.2(graphql@16.8.1):
    resolution: {integrity: sha512-TbPsIZnWyDCLhgPGnDjt4hosiNU2mF/rNtSk5BVaXWnZqvKJ6gzJV4fcHcvhRIwtscDMW2/YTnK6dLVnk8pc4w==}
    engines: {node: '>=16.0.0'}
    peerDependencies:
      graphql: ^14.0.0 || ^15.0.0 || ^16.0.0 || ^17.0.0
    dependencies:
      '@graphql-tools/merge': 9.0.1(graphql@16.8.1)
      '@graphql-tools/utils': 10.0.13(graphql@16.8.1)
      graphql: 16.8.1
      tslib: 2.6.2
      value-or-promise: 1.0.12
    dev: false

  /@graphql-tools/utils@10.0.13(graphql@16.8.1):
    resolution: {integrity: sha512-fMILwGr5Dm2zefNItjQ6C2rauigklv69LIwppccICuGTnGaOp3DspLt/6Lxj72cbg5d9z60Sr+Egco3CJKLsNg==}
    engines: {node: '>=16.0.0'}
    peerDependencies:
      graphql: ^14.0.0 || ^15.0.0 || ^16.0.0 || ^17.0.0
    dependencies:
      '@graphql-typed-document-node/core': 3.2.0(graphql@16.8.1)
      cross-inspect: 1.0.0
      dset: 3.1.3
      graphql: 16.8.1
      tslib: 2.6.2
    dev: false

  /@graphql-typed-document-node/core@3.2.0(graphql@16.8.1):
    resolution: {integrity: sha512-mB9oAsNCm9aM3/SOv4YtBMqZbYj10R7dkq8byBqxGY/ncFwhf2oQzMV+LCRlWoDSEBJ3COiR1yeDvMtsoOsuFQ==}
    peerDependencies:
      graphql: ^0.8.0 || ^0.9.0 || ^0.10.0 || ^0.11.0 || ^0.12.0 || ^0.13.0 || ^14.0.0 || ^15.0.0 || ^16.0.0 || ^17.0.0
    dependencies:
      graphql: 16.8.1
    dev: false

  /@graphql-yoga/logger@2.0.0:
    resolution: {integrity: sha512-Mg8psdkAp+YTG1OGmvU+xa6xpsAmSir0hhr3yFYPyLNwzUj95DdIwsMpKadDj9xDpYgJcH3Hp/4JMal9DhQimA==}
    engines: {node: '>=18.0.0'}
    dependencies:
      tslib: 2.6.2
    dev: false

  /@graphql-yoga/subscription@5.0.0:
    resolution: {integrity: sha512-Ri7sK8hmxd/kwaEa0YT8uqQUb2wOLsmBMxI90QDyf96lzOMJRgBuNYoEkU1pSgsgmW2glceZ96sRYfaXqwVxUw==}
    engines: {node: '>=18.0.0'}
    dependencies:
      '@graphql-yoga/typed-event-target': 3.0.0
      '@repeaterjs/repeater': 3.0.5
      '@whatwg-node/events': 0.1.1
      tslib: 2.6.2
    dev: false

  /@graphql-yoga/typed-event-target@3.0.0:
    resolution: {integrity: sha512-w+liuBySifrstuHbFrHoHAEyVnDFVib+073q8AeAJ/qqJfvFvAwUPLLtNohR/WDVRgSasfXtl3dcNuVJWN+rjg==}
    engines: {node: '>=18.0.0'}
    dependencies:
      '@repeaterjs/repeater': 3.0.5
      tslib: 2.6.2
    dev: false

  /@kamilkisiela/fast-url-parser@1.1.4:
    resolution: {integrity: sha512-gbkePEBupNydxCelHCESvFSFM8XPh1Zs/OAVRW/rKpEqPAl5PbOM90Si8mv9bvnR53uPD2s/FiRxdvSejpRJew==}
    dev: false

  /@repeaterjs/repeater@3.0.5:
    resolution: {integrity: sha512-l3YHBLAol6d/IKnB9LhpD0cEZWAoe3eFKUyTYWmFmCO2Q/WOckxLQAUyMZWwZV2M/m3+4vgRoaolFqaII82/TA==}
    dev: false

  /@types/node@20.11.7:
    resolution: {integrity: sha512-GPmeN1C3XAyV5uybAf4cMLWT9fDWcmQhZVtMFu7OR32WjrqGG+Wnk2V1d0bmtUyE/Zy1QJ9BxyiTih9z8Oks8A==}
    dependencies:
      undici-types: 5.26.5
    dev: false

  /@types/semver@7.5.6:
    resolution: {integrity: sha512-dn1l8LaMea/IjDoHNd9J52uBbInB796CDffS6VdIxvqYCPSG0V0DzHp76GpaWnlhg88uYyPbXCDIowa86ybd5A==}
    dev: false

  /@whatwg-node/events@0.1.1:
    resolution: {integrity: sha512-AyQEn5hIPV7Ze+xFoXVU3QTHXVbWPrzaOkxtENMPMuNL6VVHrp4hHfDt9nrQpjO7BgvuM95dMtkycX5M/DZR3w==}
    engines: {node: '>=16.0.0'}
    dev: false

  /@whatwg-node/fetch@0.9.16:
    resolution: {integrity: sha512-mqasZiUNquRe3ea9+aCAuo81BR6vq5opUKprPilIHTnrg8a21Z1T1OrI+KiMFX8OmwO5HUJe/vro47lpj2JPWQ==}
    engines: {node: '>=16.0.0'}
    dependencies:
      '@whatwg-node/node-fetch': 0.5.5
      urlpattern-polyfill: 10.0.0
    dev: false

  /@whatwg-node/node-fetch@0.5.5:
    resolution: {integrity: sha512-LhE0Oo95+dOrrzrJncrpCaR3VHSjJ5Gvkl5g9WVfkPKSKkxCbMeOsRQ+v9LrU9lRvXBJn8JicXqSufKFEpyRbQ==}
    engines: {node: '>=16.0.0'}
    dependencies:
      '@kamilkisiela/fast-url-parser': 1.1.4
      '@whatwg-node/events': 0.1.1
      busboy: 1.6.0
      fast-querystring: 1.1.2
      tslib: 2.6.2
    dev: false

  /@whatwg-node/server@0.9.24:
    resolution: {integrity: sha512-ctBZf+DQU9mq62evvAuO3F9cKV7FUR9loJNvirByQreR35xayjpYUjuEok0LI2hwrrxIJmRs8EdnO+wJw4GuOg==}
    engines: {node: '>=16.0.0'}
    dependencies:
      '@whatwg-node/fetch': 0.9.16
      tslib: 2.6.2
    dev: false

  /busboy@1.6.0:
    resolution: {integrity: sha512-8SFQbg/0hQ9xy3UNTB0YEnsNBbWfhf7RtnzpL7TkBiTBRfrQ9Fxcnz7VJsleJpyp6rVLvXiuORqjlHi5q+PYuA==}
    engines: {node: '>=10.16.0'}
    dependencies:
      streamsearch: 1.1.0
    dev: false

  /cross-inspect@1.0.0:
    resolution: {integrity: sha512-4PFfn4b5ZN6FMNGSZlyb7wUhuN8wvj8t/VQHZdM4JsDcruGJ8L2kf9zao98QIrBPFCpdk27qst/AGTl7pL3ypQ==}
    engines: {node: '>=16.0.0'}
    dependencies:
      tslib: 2.6.2
    dev: false

  /dset@3.1.3:
    resolution: {integrity: sha512-20TuZZHCEZ2O71q9/+8BwKwZ0QtD9D8ObhrihJPr+vLLYlSuAU3/zL4cSlgbfeoGHTjCSJBa7NGcrF9/Bx/WJQ==}
    engines: {node: '>=4'}
    dev: false

  /fast-decode-uri-component@1.0.1:
    resolution: {integrity: sha512-WKgKWg5eUxvRZGwW8FvfbaH7AXSh2cL+3j5fMGzUMCxWBJ3dV3a7Wz8y2f/uQ0e3B6WmodD3oS54jTQ9HVTIIg==}
    dev: false

  /fast-querystring@1.1.2:
    resolution: {integrity: sha512-g6KuKWmFXc0fID8WWH0jit4g0AGBoJhCkJMb1RmbsSEUNvQ+ZC8D6CUZ+GtF8nMzSPXnhiePyyqqipzNNEnHjg==}
    dependencies:
      fast-decode-uri-component: 1.0.1
    dev: false

  /graphql-query-complexity@0.12.0(graphql@16.8.1):
    resolution: {integrity: sha512-fWEyuSL6g/+nSiIRgIipfI6UXTI7bAxrpPlCY1c0+V3pAEUo1ybaKmSBgNr1ed2r+agm1plJww8Loig9y6s2dw==}
    peerDependencies:
      graphql: ^14.6.0 || ^15.0.0 || ^16.0.0
    dependencies:
      graphql: 16.8.1
      lodash.get: 4.4.2
    dev: false

  /graphql-scalars@1.22.4(graphql@16.8.1):
    resolution: {integrity: sha512-ILnv7jq5VKHLUyoaTFX7lgYrjCd6vTee9i8/B+D4zJKJT5TguOl0KkpPEbXHjmeor8AZYrVsrYUHdqRBMX1pjA==}
    engines: {node: '>=10'}
    peerDependencies:
      graphql: ^0.8.0 || ^0.9.0 || ^0.10.0 || ^0.11.0 || ^0.12.0 || ^0.13.0 || ^14.0.0 || ^15.0.0 || ^16.0.0
    dependencies:
      graphql: 16.8.1
      tslib: 2.6.2
    dev: false

  /graphql-yoga@5.1.1(graphql@16.8.1):
    resolution: {integrity: sha512-oak5nVKTHpqJgpA1aT3cJPOlCidrW7l6nbc5L6w07VdFul16ielGI2ZnQDAXO+qQih09/4WspD5x0SsSZH+hkg==}
    engines: {node: '>=18.0.0'}
    peerDependencies:
      graphql: ^15.2.0 || ^16.0.0
    dependencies:
      '@envelop/core': 5.0.0
      '@graphql-tools/executor': 1.2.0(graphql@16.8.1)
      '@graphql-tools/schema': 10.0.2(graphql@16.8.1)
      '@graphql-tools/utils': 10.0.13(graphql@16.8.1)
      '@graphql-yoga/logger': 2.0.0
      '@graphql-yoga/subscription': 5.0.0
      '@whatwg-node/fetch': 0.9.16
      '@whatwg-node/server': 0.9.24
      dset: 3.1.3
      graphql: 16.8.1
      lru-cache: 10.2.0
      tslib: 2.6.2
    dev: false

  /graphql@16.8.1:
    resolution: {integrity: sha512-59LZHPdGZVh695Ud9lRzPBVTtlX9ZCV150Er2W43ro37wVof0ctenSaskPPjN7lVTIN8mSZt8PHUNKZuNQUuxw==}
    engines: {node: ^12.22.0 || ^14.16.0 || ^16.0.0 || >=17.0.0}
    dev: false

  /lodash.get@4.4.2:
    resolution: {integrity: sha512-z+Uw/vLuy6gQe8cfaFWD7p0wVv8fJl3mbzXh33RS+0oW2wvUqiRXiQ69gLWSLpgB5/6sU+r6BlQR0MBILadqTQ==}
    dev: false

  /lru-cache@10.2.0:
    resolution: {integrity: sha512-2bIM8x+VAf6JT4bKAljS1qUWgMsqZRPGJS6FSahIMPVvctcNhyVp7AJu7quxOW9jwkryBReKZY5tY5JYv2n/7Q==}
    engines: {node: 14 || >=16.14}
    dev: false

  /lru-cache@6.0.0:
    resolution: {integrity: sha512-Jo6dJ04CmSjuznwJSS3pUeWmd/H0ffTlkXXgwZi+eq1UCmqQwCh+eLsYOYCwY991i2Fah4h1BEMCx4qThGbsiA==}
    engines: {node: '>=10'}
    dependencies:
      yallist: 4.0.0
    dev: false

  /semver@7.5.4:
    resolution: {integrity: sha512-1bCSESV6Pv+i21Hvpxp3Dx+pSD8lIPt8uVjRrxAUt/nbswYc+tK6Y2btiULjd4+fnq15PX+nqQDC7Oft7WkwcA==}
    engines: {node: '>=10'}
    hasBin: true
    dependencies:
      lru-cache: 6.0.0
    dev: false

  /streamsearch@1.1.0:
    resolution: {integrity: sha512-Mcc5wHehp9aXz1ax6bZUyY5afg9u2rv5cqQI3mRrYkGC8rW2hM02jWuwjtL++LS5qinSyhj2QfLyNsuc+VsExg==}
    engines: {node: '>=10.0.0'}
    dev: false

  /tslib@2.6.2:
    resolution: {integrity: sha512-AEYxH93jGFPn/a2iVAwW87VuUIkR1FVUKB77NwMF7nBTDkDrrT/Hpt/IrCJ0QXhW27jTBDcf5ZY7w6RiqTMw2Q==}
    dev: false

  /turbo-darwin-64@1.11.3:
    resolution: {integrity: sha512-IsOOg2bVbIt3o/X8Ew9fbQp5t1hTHN3fGNQYrPQwMR2W1kIAC6RfbVD4A9OeibPGyEPUpwOH79hZ9ydFH5kifw==}
    cpu: [x64]
    os: [darwin]
    requiresBuild: true
    dev: true
    optional: true

  /turbo-darwin-arm64@1.11.3:
    resolution: {integrity: sha512-FsJL7k0SaPbJzI/KCnrf/fi3PgCDCjTliMc/kEFkuWVA6Httc3Q4lxyLIIinz69q6JTx8wzh6yznUMzJRI3+dg==}
    cpu: [arm64]
    os: [darwin]
    requiresBuild: true
    dev: true
    optional: true

  /turbo-linux-64@1.11.3:
    resolution: {integrity: sha512-SvW7pvTVRGsqtSkII5w+wriZXvxqkluw5FO/MNAdFw0qmoov+PZ237+37/NgArqE3zVn1GX9P6nUx9VO+xcQAg==}
    cpu: [x64]
    os: [linux]
    requiresBuild: true
    dev: true
    optional: true

  /turbo-linux-arm64@1.11.3:
    resolution: {integrity: sha512-YhUfBi1deB3m+3M55X458J6B7RsIS7UtM3P1z13cUIhF+pOt65BgnaSnkHLwETidmhRh8Dl3GelaQGrB3RdCDw==}
    cpu: [arm64]
    os: [linux]
    requiresBuild: true
    dev: true
    optional: true

  /turbo-windows-64@1.11.3:
    resolution: {integrity: sha512-s+vEnuM2TiZuAUUUpmBHDr6vnNbJgj+5JYfnYmVklYs16kXh+EppafYQOAkcRIMAh7GjV3pLq5/uGqc7seZeHA==}
    cpu: [x64]
    os: [win32]
    requiresBuild: true
    dev: true
    optional: true

  /turbo-windows-arm64@1.11.3:
    resolution: {integrity: sha512-ZR5z5Zpc7cASwfdRAV5yNScCZBsgGSbcwiA/u3farCacbPiXsfoWUkz28iyrx21/TRW0bi6dbsB2v17swa8bjw==}
    cpu: [arm64]
    os: [win32]
    requiresBuild: true
    dev: true
    optional: true

  /turbo@1.11.3:
    resolution: {integrity: sha512-RCJOUFcFMQNIGKSjC9YmA5yVP1qtDiBA0Lv9VIgrXraI5Da1liVvl3VJPsoDNIR9eFMyA/aagx1iyj6UWem5hA==}
    hasBin: true
    optionalDependencies:
      turbo-darwin-64: 1.11.3
      turbo-darwin-arm64: 1.11.3
      turbo-linux-64: 1.11.3
      turbo-linux-arm64: 1.11.3
      turbo-windows-64: 1.11.3
      turbo-windows-arm64: 1.11.3
    dev: true

  /type-graphql@2.0.0-beta.6(graphql-scalars@1.22.4)(graphql@16.8.1):
    resolution: {integrity: sha512-uSp42MLWzuR0+wiQmHUdsmenSEs8O+vC+dSa1ZlYPBo1oRe6+EVPYTwm2iCnSxN4nxt2v4Qpt0+mBqnE92sVRw==}
    engines: {node: '>= 16.16.0'}
    peerDependencies:
      class-validator: '>=0.14.0'
      graphql: ^16.8.1
      graphql-scalars: ^1.22.4
    peerDependenciesMeta:
      class-validator:
        optional: true
    dependencies:
      '@graphql-yoga/subscription': 5.0.0
      '@types/node': 20.11.7
      '@types/semver': 7.5.6
      graphql: 16.8.1
      graphql-query-complexity: 0.12.0(graphql@16.8.1)
      graphql-scalars: 1.22.4(graphql@16.8.1)
      semver: 7.5.4
      tslib: 2.6.2
    dev: false

  /undici-types@5.26.5:
    resolution: {integrity: sha512-JlCMO+ehdEIKqlFxk6IfVoAUVmgz7cU7zD/h9XZ0qzeosSHmUJVOzSQvvYSYWXkFXC+IfLKSIffhv0sVZup6pA==}
    dev: false

  /urlpattern-polyfill@10.0.0:
    resolution: {integrity: sha512-H/A06tKD7sS1O1X2SshBVeA5FLycRpjqiBeqGKmBwBDBy28EnRjORxTNe269KSSr5un5qyWi1iL61wLxpd+ZOg==}
    dev: false

  /value-or-promise@1.0.12:
    resolution: {integrity: sha512-Z6Uz+TYwEqE7ZN50gwn+1LCVo9ZVrpxRPOhOLnncYkY1ZzOYtrX8Fwf/rFktZ8R5mJms6EZf5TqNOMeZmnPq9Q==}
    engines: {node: '>=12'}
    dev: false

  /yallist@4.0.0:
    resolution: {integrity: sha512-3wdGidZyq5PB084XLES5TpOSRA3wjXAlIWMhum2kRcv/41Sn2emQ0dycQW4uZXLejwKvg6EsvbdlVL+FYEct7A==}
    dev: false
