lockfileVersion: '6.0'

settings:
  autoInstallPeers: true
  excludeLinksFromLockfile: false

importers:

  .:
    devDependencies:
      turbo:
        specifier: ^1.11.3
        version: 1.11.3

  apps/api:
    dependencies:
      graphql:
        specifier: ^16.8.1
        version: 16.8.1
      graphql-scalars:
        specifier: ^1.22.4
        version: 1.22.4(graphql@16.8.1)
      type-graphql:
        specifier: ^2.0.0-beta.6
        version: 2.0.0-beta.6(graphql-scalars@1.22.4)(graphql@16.8.1)

packages:

  /@graphql-yoga/subscription@5.0.0:
    resolution: {integrity: sha512-Ri7sK8hmxd/kwaEa0YT8uqQUb2wOLsmBMxI90QDyf96lzOMJRgBuNYoEkU1pSgsgmW2glceZ96sRYfaXqwVxUw==}
    engines: {node: '>=18.0.0'}
    dependencies:
      '@graphql-yoga/typed-event-target': 3.0.0
      '@repeaterjs/repeater': 3.0.5
      '@whatwg-node/events': 0.1.1
      tslib: 2.6.2
    dev: false

  /@graphql-yoga/typed-event-target@3.0.0:
    resolution: {integrity: sha512-w+liuBySifrstuHbFrHoHAEyVnDFVib+073q8AeAJ/qqJfvFvAwUPLLtNohR/WDVRgSasfXtl3dcNuVJWN+rjg==}
    engines: {node: '>=18.0.0'}
    dependencies:
      '@repeaterjs/repeater': 3.0.5
      tslib: 2.6.2
    dev: false

  /@repeaterjs/repeater@3.0.5:
    resolution: {integrity: sha512-l3YHBLAol6d/IKnB9LhpD0cEZWAoe3eFKUyTYWmFmCO2Q/WOckxLQAUyMZWwZV2M/m3+4vgRoaolFqaII82/TA==}
    dev: false

  /@types/node@20.11.7:
    resolution: {integrity: sha512-GPmeN1C3XAyV5uybAf4cMLWT9fDWcmQhZVtMFu7OR32WjrqGG+Wnk2V1d0bmtUyE/Zy1QJ9BxyiTih9z8Oks8A==}
    dependencies:
      undici-types: 5.26.5
    dev: false

  /@types/semver@7.5.6:
    resolution: {integrity: sha512-dn1l8LaMea/IjDoHNd9J52uBbInB796CDffS6VdIxvqYCPSG0V0DzHp76GpaWnlhg88uYyPbXCDIowa86ybd5A==}
    dev: false

  /@whatwg-node/events@0.1.1:
    resolution: {integrity: sha512-AyQEn5hIPV7Ze+xFoXVU3QTHXVbWPrzaOkxtENMPMuNL6VVHrp4hHfDt9nrQpjO7BgvuM95dMtkycX5M/DZR3w==}
    engines: {node: '>=16.0.0'}
    dev: false

  /graphql-query-complexity@0.12.0(graphql@16.8.1):
    resolution: {integrity: sha512-fWEyuSL6g/+nSiIRgIipfI6UXTI7bAxrpPlCY1c0+V3pAEUo1ybaKmSBgNr1ed2r+agm1plJww8Loig9y6s2dw==}
    peerDependencies:
      graphql: ^14.6.0 || ^15.0.0 || ^16.0.0
    dependencies:
      graphql: 16.8.1
      lodash.get: 4.4.2
    dev: false

  /graphql-scalars@1.22.4(graphql@16.8.1):
    resolution: {integrity: sha512-ILnv7jq5VKHLUyoaTFX7lgYrjCd6vTee9i8/B+D4zJKJT5TguOl0KkpPEbXHjmeor8AZYrVsrYUHdqRBMX1pjA==}
    engines: {node: '>=10'}
    peerDependencies:
      graphql: ^0.8.0 || ^0.9.0 || ^0.10.0 || ^0.11.0 || ^0.12.0 || ^0.13.0 || ^14.0.0 || ^15.0.0 || ^16.0.0
    dependencies:
      graphql: 16.8.1
      tslib: 2.6.2
    dev: false

  /graphql@16.8.1:
    resolution: {integrity: sha512-59LZHPdGZVh695Ud9lRzPBVTtlX9ZCV150Er2W43ro37wVof0ctenSaskPPjN7lVTIN8mSZt8PHUNKZuNQUuxw==}
    engines: {node: ^12.22.0 || ^14.16.0 || ^16.0.0 || >=17.0.0}
    dev: false

  /lodash.get@4.4.2:
    resolution: {integrity: sha512-z+Uw/vLuy6gQe8cfaFWD7p0wVv8fJl3mbzXh33RS+0oW2wvUqiRXiQ69gLWSLpgB5/6sU+r6BlQR0MBILadqTQ==}
    dev: false

  /lru-cache@6.0.0:
    resolution: {integrity: sha512-Jo6dJ04CmSjuznwJSS3pUeWmd/H0ffTlkXXgwZi+eq1UCmqQwCh+eLsYOYCwY991i2Fah4h1BEMCx4qThGbsiA==}
    engines: {node: '>=10'}
    dependencies:
      yallist: 4.0.0
    dev: false

  /semver@7.5.4:
    resolution: {integrity: sha512-1bCSESV6Pv+i21Hvpxp3Dx+pSD8lIPt8uVjRrxAUt/nbswYc+tK6Y2btiULjd4+fnq15PX+nqQDC7Oft7WkwcA==}
    engines: {node: '>=10'}
    hasBin: true
    dependencies:
      lru-cache: 6.0.0
    dev: false

  /tslib@2.6.2:
    resolution: {integrity: sha512-AEYxH93jGFPn/a2iVAwW87VuUIkR1FVUKB77NwMF7nBTDkDrrT/Hpt/IrCJ0QXhW27jTBDcf5ZY7w6RiqTMw2Q==}
    dev: false

  /turbo-darwin-64@1.11.3:
    resolution: {integrity: sha512-IsOOg2bVbIt3o/X8Ew9fbQp5t1hTHN3fGNQYrPQwMR2W1kIAC6RfbVD4A9OeibPGyEPUpwOH79hZ9ydFH5kifw==}
    cpu: [x64]
    os: [darwin]
    requiresBuild: true
    dev: true
    optional: true

  /turbo-darwin-arm64@1.11.3:
    resolution: {integrity: sha512-FsJL7k0SaPbJzI/KCnrf/fi3PgCDCjTliMc/kEFkuWVA6Httc3Q4lxyLIIinz69q6JTx8wzh6yznUMzJRI3+dg==}
    cpu: [arm64]
    os: [darwin]
    requiresBuild: true
    dev: true
    optional: true

  /turbo-linux-64@1.11.3:
    resolution: {integrity: sha512-SvW7pvTVRGsqtSkII5w+wriZXvxqkluw5FO/MNAdFw0qmoov+PZ237+37/NgArqE3zVn1GX9P6nUx9VO+xcQAg==}
    cpu: [x64]
    os: [linux]
    requiresBuild: true
    dev: true
    optional: true

  /turbo-linux-arm64@1.11.3:
    resolution: {integrity: sha512-YhUfBi1deB3m+3M55X458J6B7RsIS7UtM3P1z13cUIhF+pOt65BgnaSnkHLwETidmhRh8Dl3GelaQGrB3RdCDw==}
    cpu: [arm64]
    os: [linux]
    requiresBuild: true
    dev: true
    optional: true

  /turbo-windows-64@1.11.3:
    resolution: {integrity: sha512-s+vEnuM2TiZuAUUUpmBHDr6vnNbJgj+5JYfnYmVklYs16kXh+EppafYQOAkcRIMAh7GjV3pLq5/uGqc7seZeHA==}
    cpu: [x64]
    os: [win32]
    requiresBuild: true
    dev: true
    optional: true

  /turbo-windows-arm64@1.11.3:
    resolution: {integrity: sha512-ZR5z5Zpc7cASwfdRAV5yNScCZBsgGSbcwiA/u3farCacbPiXsfoWUkz28iyrx21/TRW0bi6dbsB2v17swa8bjw==}
    cpu: [arm64]
    os: [win32]
    requiresBuild: true
    dev: true
    optional: true

  /turbo@1.11.3:
    resolution: {integrity: sha512-RCJOUFcFMQNIGKSjC9YmA5yVP1qtDiBA0Lv9VIgrXraI5Da1liVvl3VJPsoDNIR9eFMyA/aagx1iyj6UWem5hA==}
    hasBin: true
    optionalDependencies:
      turbo-darwin-64: 1.11.3
      turbo-darwin-arm64: 1.11.3
      turbo-linux-64: 1.11.3
      turbo-linux-arm64: 1.11.3
      turbo-windows-64: 1.11.3
      turbo-windows-arm64: 1.11.3
    dev: true

  /type-graphql@2.0.0-beta.6(graphql-scalars@1.22.4)(graphql@16.8.1):
    resolution: {integrity: sha512-uSp42MLWzuR0+wiQmHUdsmenSEs8O+vC+dSa1ZlYPBo1oRe6+EVPYTwm2iCnSxN4nxt2v4Qpt0+mBqnE92sVRw==}
    engines: {node: '>= 16.16.0'}
    peerDependencies:
      class-validator: '>=0.14.0'
      graphql: ^16.8.1
      graphql-scalars: ^1.22.4
    peerDependenciesMeta:
      class-validator:
        optional: true
    dependencies:
      '@graphql-yoga/subscription': 5.0.0
      '@types/node': 20.11.7
      '@types/semver': 7.5.6
      graphql: 16.8.1
      graphql-query-complexity: 0.12.0(graphql@16.8.1)
      graphql-scalars: 1.22.4(graphql@16.8.1)
      semver: 7.5.4
      tslib: 2.6.2
    dev: false

  /undici-types@5.26.5:
    resolution: {integrity: sha512-JlCMO+ehdEIKqlFxk6IfVoAUVmgz7cU7zD/h9XZ0qzeosSHmUJVOzSQvvYSYWXkFXC+IfLKSIffhv0sVZup6pA==}
    dev: false

  /yallist@4.0.0:
    resolution: {integrity: sha512-3wdGidZyq5PB084XLES5TpOSRA3wjXAlIWMhum2kRcv/41Sn2emQ0dycQW4uZXLejwKvg6EsvbdlVL+FYEct7A==}
    dev: false
